// !$*UTF8*$!
{
	archiveVersion = 1;
	classes = {
	};
	objectVersion = 51;
	objects = {

/* Begin PBXBuildFile section */
		66238F436C0ACA545F9A7E2E /* Pods_tumblrUITests.framework in Frameworks */ = {isa = PBXBuildFile; fileRef = 2587B3CB3D3EA122107D240A /* Pods_tumblrUITests.framework */; };
		77BC8B7B60DB601ED8BF0375 /* Pods_tumblr.framework in Frameworks */ = {isa = PBXBuildFile; fileRef = F262F589DA4D527115AD01D3 /* Pods_tumblr.framework */; };
		A3D108F8495F338FC144C937 /* Pods_tumblrTests.framework in Frameworks */ = {isa = PBXBuildFile; fileRef = 86BB089C4BCF69510EC5AEA4 /* Pods_tumblrTests.framework */; };
		FFF2493622C534440065CD79 /* AppDelegate.m in Sources */ = {isa = PBXBuildFile; fileRef = FFF2493522C534440065CD79 /* AppDelegate.m */; };
		FFF2493C22C534440065CD79 /* Main.storyboard in Resources */ = {isa = PBXBuildFile; fileRef = FFF2493A22C534440065CD79 /* Main.storyboard */; };
		FFF2493E22C534440065CD79 /* Assets.xcassets in Resources */ = {isa = PBXBuildFile; fileRef = FFF2493D22C534440065CD79 /* Assets.xcassets */; };
		FFF2494122C534440065CD79 /* LaunchScreen.storyboard in Resources */ = {isa = PBXBuildFile; fileRef = FFF2493F22C534440065CD79 /* LaunchScreen.storyboard */; };
		FFF2494422C534440065CD79 /* main.m in Sources */ = {isa = PBXBuildFile; fileRef = FFF2494322C534440065CD79 /* main.m */; };
		FFF2494E22C534440065CD79 /* tumblrTests.m in Sources */ = {isa = PBXBuildFile; fileRef = FFF2494D22C534440065CD79 /* tumblrTests.m */; };
		FFF2495922C534440065CD79 /* tumblrUITests.m in Sources */ = {isa = PBXBuildFile; fileRef = FFF2495822C534440065CD79 /* tumblrUITests.m */; };
		FFF2496B22C539830065CD79 /* PhotosViewController.m in Sources */ = {isa = PBXBuildFile; fileRef = FFF2496A22C539830065CD79 /* PhotosViewController.m */; };
		FFF2496E22C5423F0065CD79 /* TableViewCell.m in Sources */ = {isa = PBXBuildFile; fileRef = FFF2496D22C5423F0065CD79 /* TableViewCell.m */; };
/* End PBXBuildFile section */

/* Begin PBXContainerItemProxy section */
		FFF2494A22C534440065CD79 /* PBXContainerItemProxy */ = {
			isa = PBXContainerItemProxy;
			containerPortal = FFF2492922C534440065CD79 /* Project object */;
			proxyType = 1;
			remoteGlobalIDString = FFF2493022C534440065CD79;
			remoteInfo = tumblr;
		};
		FFF2495522C534440065CD79 /* PBXContainerItemProxy */ = {
			isa = PBXContainerItemProxy;
			containerPortal = FFF2492922C534440065CD79 /* Project object */;
			proxyType = 1;
			remoteGlobalIDString = FFF2493022C534440065CD79;
			remoteInfo = tumblr;
		};
/* End PBXContainerItemProxy section */

/* Begin PBXFileReference section */
		06953179098E3B90AB6FD9F8 /* Pods-tumblr.debug.xcconfig */ = {isa = PBXFileReference; includeInIndex = 1; lastKnownFileType = text.xcconfig; name = "Pods-tumblr.debug.xcconfig"; path = "Target Support Files/Pods-tumblr/Pods-tumblr.debug.xcconfig"; sourceTree = "<group>"; };
		074ED22EF16F6ADD99CC9AA5 /* Pods-tumblrUITests.release.xcconfig */ = {isa = PBXFileReference; includeInIndex = 1; lastKnownFileType = text.xcconfig; name = "Pods-tumblrUITests.release.xcconfig"; path = "Target Support Files/Pods-tumblrUITests/Pods-tumblrUITests.release.xcconfig"; sourceTree = "<group>"; };
		0916A5E00D1A73982174437D /* Pods-tumblr.release.xcconfig */ = {isa = PBXFileReference; includeInIndex = 1; lastKnownFileType = text.xcconfig; name = "Pods-tumblr.release.xcconfig"; path = "Target Support Files/Pods-tumblr/Pods-tumblr.release.xcconfig"; sourceTree = "<group>"; };
		2587B3CB3D3EA122107D240A /* Pods_tumblrUITests.framework */ = {isa = PBXFileReference; explicitFileType = wrapper.framework; includeInIndex = 0; path = Pods_tumblrUITests.framework; sourceTree = BUILT_PRODUCTS_DIR; };
		3D014414AF09A231CB06ADAC /* Pods-tumblrTests.release.xcconfig */ = {isa = PBXFileReference; includeInIndex = 1; lastKnownFileType = text.xcconfig; name = "Pods-tumblrTests.release.xcconfig"; path = "Target Support Files/Pods-tumblrTests/Pods-tumblrTests.release.xcconfig"; sourceTree = "<group>"; };
		57D6BE82257B3044ECBCBF6A /* Pods-tumblrTests.debug.xcconfig */ = {isa = PBXFileReference; includeInIndex = 1; lastKnownFileType = text.xcconfig; name = "Pods-tumblrTests.debug.xcconfig"; path = "Target Support Files/Pods-tumblrTests/Pods-tumblrTests.debug.xcconfig"; sourceTree = "<group>"; };
		86BB089C4BCF69510EC5AEA4 /* Pods_tumblrTests.framework */ = {isa = PBXFileReference; explicitFileType = wrapper.framework; includeInIndex = 0; path = Pods_tumblrTests.framework; sourceTree = BUILT_PRODUCTS_DIR; };
		ED3260FC950B49F1C7AABE46 /* Pods-tumblrUITests.debug.xcconfig */ = {isa = PBXFileReference; includeInIndex = 1; lastKnownFileType = text.xcconfig; name = "Pods-tumblrUITests.debug.xcconfig"; path = "Target Support Files/Pods-tumblrUITests/Pods-tumblrUITests.debug.xcconfig"; sourceTree = "<group>"; };
		F262F589DA4D527115AD01D3 /* Pods_tumblr.framework */ = {isa = PBXFileReference; explicitFileType = wrapper.framework; includeInIndex = 0; path = Pods_tumblr.framework; sourceTree = BUILT_PRODUCTS_DIR; };
		FFF2493122C534440065CD79 /* tumblr.app */ = {isa = PBXFileReference; explicitFileType = wrapper.application; includeInIndex = 0; path = tumblr.app; sourceTree = BUILT_PRODUCTS_DIR; };
		FFF2493422C534440065CD79 /* AppDelegate.h */ = {isa = PBXFileReference; lastKnownFileType = sourcecode.c.h; path = AppDelegate.h; sourceTree = "<group>"; };
		FFF2493522C534440065CD79 /* AppDelegate.m */ = {isa = PBXFileReference; lastKnownFileType = sourcecode.c.objc; path = AppDelegate.m; sourceTree = "<group>"; };
		FFF2493B22C534440065CD79 /* Base */ = {isa = PBXFileReference; lastKnownFileType = file.storyboard; name = Base; path = Base.lproj/Main.storyboard; sourceTree = "<group>"; };
		FFF2493D22C534440065CD79 /* Assets.xcassets */ = {isa = PBXFileReference; lastKnownFileType = folder.assetcatalog; path = Assets.xcassets; sourceTree = "<group>"; };
		FFF2494022C534440065CD79 /* Base */ = {isa = PBXFileReference; lastKnownFileType = file.storyboard; name = Base; path = Base.lproj/LaunchScreen.storyboard; sourceTree = "<group>"; };
		FFF2494222C534440065CD79 /* Info.plist */ = {isa = PBXFileReference; lastKnownFileType = text.plist.xml; path = Info.plist; sourceTree = "<group>"; };
		FFF2494322C534440065CD79 /* main.m */ = {isa = PBXFileReference; lastKnownFileType = sourcecode.c.objc; path = main.m; sourceTree = "<group>"; };
		FFF2494922C534440065CD79 /* tumblrTests.xctest */ = {isa = PBXFileReference; explicitFileType = wrapper.cfbundle; includeInIndex = 0; path = tumblrTests.xctest; sourceTree = BUILT_PRODUCTS_DIR; };
		FFF2494D22C534440065CD79 /* tumblrTests.m */ = {isa = PBXFileReference; lastKnownFileType = sourcecode.c.objc; path = tumblrTests.m; sourceTree = "<group>"; };
		FFF2494F22C534440065CD79 /* Info.plist */ = {isa = PBXFileReference; lastKnownFileType = text.plist.xml; path = Info.plist; sourceTree = "<group>"; };
		FFF2495422C534440065CD79 /* tumblrUITests.xctest */ = {isa = PBXFileReference; explicitFileType = wrapper.cfbundle; includeInIndex = 0; path = tumblrUITests.xctest; sourceTree = BUILT_PRODUCTS_DIR; };
		FFF2495822C534440065CD79 /* tumblrUITests.m */ = {isa = PBXFileReference; lastKnownFileType = sourcecode.c.objc; path = tumblrUITests.m; sourceTree = "<group>"; };
		FFF2495A22C534440065CD79 /* Info.plist */ = {isa = PBXFileReference; lastKnownFileType = text.plist.xml; path = Info.plist; sourceTree = "<group>"; };
		FFF2496922C539830065CD79 /* PhotosViewController.h */ = {isa = PBXFileReference; lastKnownFileType = sourcecode.c.h; path = PhotosViewController.h; sourceTree = "<group>"; };
		FFF2496A22C539830065CD79 /* PhotosViewController.m */ = {isa = PBXFileReference; lastKnownFileType = sourcecode.c.objc; path = PhotosViewController.m; sourceTree = "<group>"; };
		FFF2496C22C5423F0065CD79 /* TableViewCell.h */ = {isa = PBXFileReference; lastKnownFileType = sourcecode.c.h; path = TableViewCell.h; sourceTree = "<group>"; };
		FFF2496D22C5423F0065CD79 /* TableViewCell.m */ = {isa = PBXFileReference; lastKnownFileType = sourcecode.c.objc; path = TableViewCell.m; sourceTree = "<group>"; };
/* End PBXFileReference section */

/* Begin PBXFrameworksBuildPhase section */
		FFF2492E22C534440065CD79 /* Frameworks */ = {
			isa = PBXFrameworksBuildPhase;
			buildActionMask = 2147483647;
			files = (
				77BC8B7B60DB601ED8BF0375 /* Pods_tumblr.framework in Frameworks */,
			);
			runOnlyForDeploymentPostprocessing = 0;
		};
		FFF2494622C534440065CD79 /* Frameworks */ = {
			isa = PBXFrameworksBuildPhase;
			buildActionMask = 2147483647;
			files = (
				A3D108F8495F338FC144C937 /* Pods_tumblrTests.framework in Frameworks */,
			);
			runOnlyForDeploymentPostprocessing = 0;
		};
		FFF2495122C534440065CD79 /* Frameworks */ = {
			isa = PBXFrameworksBuildPhase;
			buildActionMask = 2147483647;
			files = (
				66238F436C0ACA545F9A7E2E /* Pods_tumblrUITests.framework in Frameworks */,
			);
			runOnlyForDeploymentPostprocessing = 0;
		};
/* End PBXFrameworksBuildPhase section */

/* Begin PBXGroup section */
		0E18888D623CF3E1CB281E5C /* Pods */ = {
			isa = PBXGroup;
			children = (
				06953179098E3B90AB6FD9F8 /* Pods-tumblr.debug.xcconfig */,
				0916A5E00D1A73982174437D /* Pods-tumblr.release.xcconfig */,
				57D6BE82257B3044ECBCBF6A /* Pods-tumblrTests.debug.xcconfig */,
				3D014414AF09A231CB06ADAC /* Pods-tumblrTests.release.xcconfig */,
				ED3260FC950B49F1C7AABE46 /* Pods-tumblrUITests.debug.xcconfig */,
				074ED22EF16F6ADD99CC9AA5 /* Pods-tumblrUITests.release.xcconfig */,
			);
			path = Pods;
			sourceTree = "<group>";
		};
		671AE4A3F039841140318737 /* Frameworks */ = {
			isa = PBXGroup;
			children = (
				F262F589DA4D527115AD01D3 /* Pods_tumblr.framework */,
				86BB089C4BCF69510EC5AEA4 /* Pods_tumblrTests.framework */,
				2587B3CB3D3EA122107D240A /* Pods_tumblrUITests.framework */,
			);
			name = Frameworks;
			sourceTree = "<group>";
		};
		FFF2492822C534440065CD79 = {
			isa = PBXGroup;
			children = (
				FFF2493322C534440065CD79 /* tumblr */,
				FFF2494C22C534440065CD79 /* tumblrTests */,
				FFF2495722C534440065CD79 /* tumblrUITests */,
				FFF2493222C534440065CD79 /* Products */,
				0E18888D623CF3E1CB281E5C /* Pods */,
				671AE4A3F039841140318737 /* Frameworks */,
			);
			sourceTree = "<group>";
		};
		FFF2493222C534440065CD79 /* Products */ = {
			isa = PBXGroup;
			children = (
				FFF2493122C534440065CD79 /* tumblr.app */,
				FFF2494922C534440065CD79 /* tumblrTests.xctest */,
				FFF2495422C534440065CD79 /* tumblrUITests.xctest */,
			);
			name = Products;
			sourceTree = "<group>";
		};
		FFF2493322C534440065CD79 /* tumblr */ = {
			isa = PBXGroup;
			children = (
				FFF2496822C538C80065CD79 /* Models */,
				FFF2496722C538B20065CD79 /* Views */,
				FFF2496622C538A40065CD79 /* View Controller */,
				FFF2493422C534440065CD79 /* AppDelegate.h */,
				FFF2493522C534440065CD79 /* AppDelegate.m */,
				FFF2493A22C534440065CD79 /* Main.storyboard */,
				FFF2493D22C534440065CD79 /* Assets.xcassets */,
				FFF2493F22C534440065CD79 /* LaunchScreen.storyboard */,
				FFF2494222C534440065CD79 /* Info.plist */,
				FFF2494322C534440065CD79 /* main.m */,
			);
			path = tumblr;
			sourceTree = "<group>";
		};
		FFF2494C22C534440065CD79 /* tumblrTests */ = {
			isa = PBXGroup;
			children = (
				FFF2494D22C534440065CD79 /* tumblrTests.m */,
				FFF2494F22C534440065CD79 /* Info.plist */,
			);
			path = tumblrTests;
			sourceTree = "<group>";
		};
		FFF2495722C534440065CD79 /* tumblrUITests */ = {
			isa = PBXGroup;
			children = (
				FFF2495822C534440065CD79 /* tumblrUITests.m */,
				FFF2495A22C534440065CD79 /* Info.plist */,
			);
			path = tumblrUITests;
			sourceTree = "<group>";
		};
		FFF2496622C538A40065CD79 /* View Controller */ = {
			isa = PBXGroup;
			children = (
				FFF2496922C539830065CD79 /* PhotosViewController.h */,
				FFF2496A22C539830065CD79 /* PhotosViewController.m */,
			);
			path = "View Controller";
			sourceTree = "<group>";
		};
		FFF2496722C538B20065CD79 /* Views */ = {
			isa = PBXGroup;
			children = (
				FFF2496C22C5423F0065CD79 /* TableViewCell.h */,
				FFF2496D22C5423F0065CD79 /* TableViewCell.m */,
			);
			path = Views;
			sourceTree = "<group>";
		};
		FFF2496822C538C80065CD79 /* Models */ = {
			isa = PBXGroup;
			children = (
			);
			path = Models;
			sourceTree = "<group>";
		};
/* End PBXGroup section */

/* Begin PBXNativeTarget section */
		FFF2493022C534440065CD79 /* tumblr */ = {
			isa = PBXNativeTarget;
			buildConfigurationList = FFF2495D22C534440065CD79 /* Build configuration list for PBXNativeTarget "tumblr" */;
			buildPhases = (
				B334B474E7FF18BB961890ED /* [CP] Check Pods Manifest.lock */,
				FFF2492D22C534440065CD79 /* Sources */,
				FFF2492E22C534440065CD79 /* Frameworks */,
				FFF2492F22C534440065CD79 /* Resources */,
				7080F0A301BAC6D72AE8A8F3 /* [CP] Embed Pods Frameworks */,
			);
			buildRules = (
			);
			dependencies = (
			);
			name = tumblr;
			productName = tumblr;
			productReference = FFF2493122C534440065CD79 /* tumblr.app */;
			productType = "com.apple.product-type.application";
		};
		FFF2494822C534440065CD79 /* tumblrTests */ = {
			isa = PBXNativeTarget;
			buildConfigurationList = FFF2496022C534440065CD79 /* Build configuration list for PBXNativeTarget "tumblrTests" */;
			buildPhases = (
				1F455FF010D25F04E8EF4861 /* [CP] Check Pods Manifest.lock */,
				FFF2494522C534440065CD79 /* Sources */,
				FFF2494622C534440065CD79 /* Frameworks */,
				FFF2494722C534440065CD79 /* Resources */,
			);
			buildRules = (
			);
			dependencies = (
				FFF2494B22C534440065CD79 /* PBXTargetDependency */,
			);
			name = tumblrTests;
			productName = tumblrTests;
			productReference = FFF2494922C534440065CD79 /* tumblrTests.xctest */;
			productType = "com.apple.product-type.bundle.unit-test";
		};
		FFF2495322C534440065CD79 /* tumblrUITests */ = {
			isa = PBXNativeTarget;
			buildConfigurationList = FFF2496322C534440065CD79 /* Build configuration list for PBXNativeTarget "tumblrUITests" */;
			buildPhases = (
				92CD0D340B9BF0E69DD6CB96 /* [CP] Check Pods Manifest.lock */,
				FFF2495022C534440065CD79 /* Sources */,
				FFF2495122C534440065CD79 /* Frameworks */,
				FFF2495222C534440065CD79 /* Resources */,
			);
			buildRules = (
			);
			dependencies = (
				FFF2495622C534440065CD79 /* PBXTargetDependency */,
			);
			name = tumblrUITests;
			productName = tumblrUITests;
			productReference = FFF2495422C534440065CD79 /* tumblrUITests.xctest */;
			productType = "com.apple.product-type.bundle.ui-testing";
		};
/* End PBXNativeTarget section */

/* Begin PBXProject section */
		FFF2492922C534440065CD79 /* Project object */ = {
			isa = PBXProject;
			attributes = {
				LastUpgradeCheck = 1020;
				ORGANIZATIONNAME = "julia@ipearl.net";
				TargetAttributes = {
					FFF2493022C534440065CD79 = {
						CreatedOnToolsVersion = 10.2.1;
					};
					FFF2494822C534440065CD79 = {
						CreatedOnToolsVersion = 10.2.1;
						TestTargetID = FFF2493022C534440065CD79;
					};
					FFF2495322C534440065CD79 = {
						CreatedOnToolsVersion = 10.2.1;
						TestTargetID = FFF2493022C534440065CD79;
					};
				};
			};
			buildConfigurationList = FFF2492C22C534440065CD79 /* Build configuration list for PBXProject "tumblr" */;
			compatibilityVersion = "Xcode 9.3";
			developmentRegion = en;
			hasScannedForEncodings = 0;
			knownRegions = (
				en,
				Base,
			);
			mainGroup = FFF2492822C534440065CD79;
			productRefGroup = FFF2493222C534440065CD79 /* Products */;
			projectDirPath = "";
			projectRoot = "";
			targets = (
				FFF2493022C534440065CD79 /* tumblr */,
				FFF2494822C534440065CD79 /* tumblrTests */,
				FFF2495322C534440065CD79 /* tumblrUITests */,
			);
		};
/* End PBXProject section */

/* Begin PBXResourcesBuildPhase section */
		FFF2492F22C534440065CD79 /* Resources */ = {
			isa = PBXResourcesBuildPhase;
			buildActionMask = 2147483647;
			files = (
				FFF2494122C534440065CD79 /* LaunchScreen.storyboard in Resources */,
				FFF2493E22C534440065CD79 /* Assets.xcassets in Resources */,
				FFF2493C22C534440065CD79 /* Main.storyboard in Resources */,
			);
			runOnlyForDeploymentPostprocessing = 0;
		};
		FFF2494722C534440065CD79 /* Resources */ = {
			isa = PBXResourcesBuildPhase;
			buildActionMask = 2147483647;
			files = (
			);
			runOnlyForDeploymentPostprocessing = 0;
		};
		FFF2495222C534440065CD79 /* Resources */ = {
			isa = PBXResourcesBuildPhase;
			buildActionMask = 2147483647;
			files = (
			);
			runOnlyForDeploymentPostprocessing = 0;
		};
/* End PBXResourcesBuildPhase section */

/* Begin PBXShellScriptBuildPhase section */
		1F455FF010D25F04E8EF4861 /* [CP] Check Pods Manifest.lock */ = {
			isa = PBXShellScriptBuildPhase;
			buildActionMask = 2147483647;
			files = (
			);
			inputFileListPaths = (
			);
			inputPaths = (
				"${PODS_PODFILE_DIR_PATH}/Podfile.lock",
				"${PODS_ROOT}/Manifest.lock",
			);
			name = "[CP] Check Pods Manifest.lock";
			outputFileListPaths = (
			);
			outputPaths = (
				"$(DERIVED_FILE_DIR)/Pods-tumblrTests-checkManifestLockResult.txt",
			);
			runOnlyForDeploymentPostprocessing = 0;
			shellPath = /bin/sh;
			shellScript = "diff \"${PODS_PODFILE_DIR_PATH}/Podfile.lock\" \"${PODS_ROOT}/Manifest.lock\" > /dev/null\nif [ $? != 0 ] ; then\n    # print error to STDERR\n    echo \"error: The sandbox is not in sync with the Podfile.lock. Run 'pod install' or update your CocoaPods installation.\" >&2\n    exit 1\nfi\n# This output is used by Xcode 'outputs' to avoid re-running this script phase.\necho \"SUCCESS\" > \"${SCRIPT_OUTPUT_FILE_0}\"\n";
			showEnvVarsInLog = 0;
		};
		7080F0A301BAC6D72AE8A8F3 /* [CP] Embed Pods Frameworks */ = {
			isa = PBXShellScriptBuildPhase;
			buildActionMask = 2147483647;
			files = (
			);
			inputFileListPaths = (
				"${PODS_ROOT}/Target Support Files/Pods-tumblr/Pods-tumblr-frameworks-${CONFIGURATION}-input-files.xcfilelist",
			);
			name = "[CP] Embed Pods Frameworks";
			outputFileListPaths = (
				"${PODS_ROOT}/Target Support Files/Pods-tumblr/Pods-tumblr-frameworks-${CONFIGURATION}-output-files.xcfilelist",
			);
			runOnlyForDeploymentPostprocessing = 0;
			shellPath = /bin/sh;
			shellScript = "\"${PODS_ROOT}/Target Support Files/Pods-tumblr/Pods-tumblr-frameworks.sh\"\n";
			showEnvVarsInLog = 0;
		};
		92CD0D340B9BF0E69DD6CB96 /* [CP] Check Pods Manifest.lock */ = {
			isa = PBXShellScriptBuildPhase;
			buildActionMask = 2147483647;
			files = (
			);
			inputFileListPaths = (
			);
			inputPaths = (
				"${PODS_PODFILE_DIR_PATH}/Podfile.lock",
				"${PODS_ROOT}/Manifest.lock",
			);
			name = "[CP] Check Pods Manifest.lock";
			outputFileListPaths = (
			);
			outputPaths = (
				"$(DERIVED_FILE_DIR)/Pods-tumblrUITests-checkManifestLockResult.txt",
			);
			runOnlyForDeploymentPostprocessing = 0;
			shellPath = /bin/sh;
			shellScript = "diff \"${PODS_PODFILE_DIR_PATH}/Podfile.lock\" \"${PODS_ROOT}/Manifest.lock\" > /dev/null\nif [ $? != 0 ] ; then\n    # print error to STDERR\n    echo \"error: The sandbox is not in sync with the Podfile.lock. Run 'pod install' or update your CocoaPods installation.\" >&2\n    exit 1\nfi\n# This output is used by Xcode 'outputs' to avoid re-running this script phase.\necho \"SUCCESS\" > \"${SCRIPT_OUTPUT_FILE_0}\"\n";
			showEnvVarsInLog = 0;
		};
		B334B474E7FF18BB961890ED /* [CP] Check Pods Manifest.lock */ = {
			isa = PBXShellScriptBuildPhase;
			buildActionMask = 2147483647;
			files = (
			);
			inputFileListPaths = (
			);
			inputPaths = (
				"${PODS_PODFILE_DIR_PATH}/Podfile.lock",
				"${PODS_ROOT}/Manifest.lock",
			);
			name = "[CP] Check Pods Manifest.lock";
			outputFileListPaths = (
			);
			outputPaths = (
				"$(DERIVED_FILE_DIR)/Pods-tumblr-checkManifestLockResult.txt",
			);
			runOnlyForDeploymentPostprocessing = 0;
			shellPath = /bin/sh;
			shellScript = "diff \"${PODS_PODFILE_DIR_PATH}/Podfile.lock\" \"${PODS_ROOT}/Manifest.lock\" > /dev/null\nif [ $? != 0 ] ; then\n    # print error to STDERR\n    echo \"error: The sandbox is not in sync with the Podfile.lock. Run 'pod install' or update your CocoaPods installation.\" >&2\n    exit 1\nfi\n# This output is used by Xcode 'outputs' to avoid re-running this script phase.\necho \"SUCCESS\" > \"${SCRIPT_OUTPUT_FILE_0}\"\n";
			showEnvVarsInLog = 0;
		};
/* End PBXShellScriptBuildPhase section */

/* Begin PBXSourcesBuildPhase section */
		FFF2492D22C534440065CD79 /* Sources */ = {
			isa = PBXSourcesBuildPhase;
			buildActionMask = 2147483647;
			files = (
				FFF2494422C534440065CD79 /* main.m in Sources */,
				FFF2496E22C5423F0065CD79 /* TableViewCell.m in Sources */,
				FFF2496B22C539830065CD79 /* PhotosViewController.m in Sources */,
				FFF2493622C534440065CD79 /* AppDelegate.m in Sources */,
			);
			runOnlyForDeploymentPostprocessing = 0;
		};
		FFF2494522C534440065CD79 /* Sources */ = {
			isa = PBXSourcesBuildPhase;
			buildActionMask = 2147483647;
			files = (
				FFF2494E22C534440065CD79 /* tumblrTests.m in Sources */,
			);
			runOnlyForDeploymentPostprocessing = 0;
		};
		FFF2495022C534440065CD79 /* Sources */ = {
			isa = PBXSourcesBuildPhase;
			buildActionMask = 2147483647;
			files = (
				FFF2495922C534440065CD79 /* tumblrUITests.m in Sources */,
			);
			runOnlyForDeploymentPostprocessing = 0;
		};
/* End PBXSourcesBuildPhase section */

/* Begin PBXTargetDependency section */
		FFF2494B22C534440065CD79 /* PBXTargetDependency */ = {
			isa = PBXTargetDependency;
			target = FFF2493022C534440065CD79 /* tumblr */;
			targetProxy = FFF2494A22C534440065CD79 /* PBXContainerItemProxy */;
		};
		FFF2495622C534440065CD79 /* PBXTargetDependency */ = {
			isa = PBXTargetDependency;
			target = FFF2493022C534440065CD79 /* tumblr */;
			targetProxy = FFF2495522C534440065CD79 /* PBXContainerItemProxy */;
		};
/* End PBXTargetDependency section */

/* Begin PBXVariantGroup section */
		FFF2493A22C534440065CD79 /* Main.storyboard */ = {
			isa = PBXVariantGroup;
			children = (
				FFF2493B22C534440065CD79 /* Base */,
			);
			name = Main.storyboard;
			sourceTree = "<group>";
		};
		FFF2493F22C534440065CD79 /* LaunchScreen.storyboard */ = {
			isa = PBXVariantGroup;
			children = (
				FFF2494022C534440065CD79 /* Base */,
			);
			name = LaunchScreen.storyboard;
			sourceTree = "<group>";
		};
/* End PBXVariantGroup section */

/* Begin XCBuildConfiguration section */
		FFF2495B22C534440065CD79 /* Debug */ = {
			isa = XCBuildConfiguration;
			buildSettings = {
				ALWAYS_SEARCH_USER_PATHS = NO;
				CLANG_ANALYZER_NONNULL = YES;
				CLANG_ANALYZER_NUMBER_OBJECT_CONVERSION = YES_AGGRESSIVE;
				CLANG_CXX_LANGUAGE_STANDARD = "gnu++14";
				CLANG_CXX_LIBRARY = "libc++";
				CLANG_ENABLE_MODULES = YES;
				CLANG_ENABLE_OBJC_ARC = YES;
				CLANG_ENABLE_OBJC_WEAK = YES;
				CLANG_WARN_BLOCK_CAPTURE_AUTORELEASING = YES;
				CLANG_WARN_BOOL_CONVERSION = YES;
				CLANG_WARN_COMMA = YES;
				CLANG_WARN_CONSTANT_CONVERSION = YES;
				CLANG_WARN_DEPRECATED_OBJC_IMPLEMENTATIONS = YES;
				CLANG_WARN_DIRECT_OBJC_ISA_USAGE = YES_ERROR;
				CLANG_WARN_DOCUMENTATION_COMMENTS = YES;
				CLANG_WARN_EMPTY_BODY = YES;
				CLANG_WARN_ENUM_CONVERSION = YES;
				CLANG_WARN_INFINITE_RECURSION = YES;
				CLANG_WARN_INT_CONVERSION = YES;
				CLANG_WARN_NON_LITERAL_NULL_CONVERSION = YES;
				CLANG_WARN_OBJC_IMPLICIT_RETAIN_SELF = YES;
				CLANG_WARN_OBJC_LITERAL_CONVERSION = YES;
				CLANG_WARN_OBJC_ROOT_CLASS = YES_ERROR;
				CLANG_WARN_RANGE_LOOP_ANALYSIS = YES;
				CLANG_WARN_STRICT_PROTOTYPES = YES;
				CLANG_WARN_SUSPICIOUS_MOVE = YES;
				CLANG_WARN_UNGUARDED_AVAILABILITY = YES_AGGRESSIVE;
				CLANG_WARN_UNREACHABLE_CODE = YES;
				CLANG_WARN__DUPLICATE_METHOD_MATCH = YES;
				CODE_SIGN_IDENTITY = "iPhone Developer";
				COPY_PHASE_STRIP = NO;
				DEBUG_INFORMATION_FORMAT = dwarf;
				ENABLE_STRICT_OBJC_MSGSEND = YES;
				ENABLE_TESTABILITY = YES;
				GCC_C_LANGUAGE_STANDARD = gnu11;
				GCC_DYNAMIC_NO_PIC = NO;
				GCC_NO_COMMON_BLOCKS = YES;
				GCC_OPTIMIZATION_LEVEL = 0;
				GCC_PREPROCESSOR_DEFINITIONS = (
					"DEBUG=1",
					"$(inherited)",
				);
				GCC_WARN_64_TO_32_BIT_CONVERSION = YES;
				GCC_WARN_ABOUT_RETURN_TYPE = YES_ERROR;
				GCC_WARN_UNDECLARED_SELECTOR = YES;
				GCC_WARN_UNINITIALIZED_AUTOS = YES_AGGRESSIVE;
				GCC_WARN_UNUSED_FUNCTION = YES;
				GCC_WARN_UNUSED_VARIABLE = YES;
				IPHONEOS_DEPLOYMENT_TARGET = 12.2;
				MTL_ENABLE_DEBUG_INFO = INCLUDE_SOURCE;
				MTL_FAST_MATH = YES;
				ONLY_ACTIVE_ARCH = YES;
				SDKROOT = iphoneos;
			};
			name = Debug;
		};
		FFF2495C22C534440065CD79 /* Release */ = {
			isa = XCBuildConfiguration;
			buildSettings = {
				ALWAYS_SEARCH_USER_PATHS = NO;
				CLANG_ANALYZER_NONNULL = YES;
				CLANG_ANALYZER_NUMBER_OBJECT_CONVERSION = YES_AGGRESSIVE;
				CLANG_CXX_LANGUAGE_STANDARD = "gnu++14";
				CLANG_CXX_LIBRARY = "libc++";
				CLANG_ENABLE_MODULES = YES;
				CLANG_ENABLE_OBJC_ARC = YES;
				CLANG_ENABLE_OBJC_WEAK = YES;
				CLANG_WARN_BLOCK_CAPTURE_AUTORELEASING = YES;
				CLANG_WARN_BOOL_CONVERSION = YES;
				CLANG_WARN_COMMA = YES;
				CLANG_WARN_CONSTANT_CONVERSION = YES;
				CLANG_WARN_DEPRECATED_OBJC_IMPLEMENTATIONS = YES;
				CLANG_WARN_DIRECT_OBJC_ISA_USAGE = YES_ERROR;
				CLANG_WARN_DOCUMENTATION_COMMENTS = YES;
				CLANG_WARN_EMPTY_BODY = YES;
				CLANG_WARN_ENUM_CONVERSION = YES;
				CLANG_WARN_INFINITE_RECURSION = YES;
				CLANG_WARN_INT_CONVERSION = YES;
				CLANG_WARN_NON_LITERAL_NULL_CONVERSION = YES;
				CLANG_WARN_OBJC_IMPLICIT_RETAIN_SELF = YES;
				CLANG_WARN_OBJC_LITERAL_CONVERSION = YES;
				CLANG_WARN_OBJC_ROOT_CLASS = YES_ERROR;
				CLANG_WARN_RANGE_LOOP_ANALYSIS = YES;
				CLANG_WARN_STRICT_PROTOTYPES = YES;
				CLANG_WARN_SUSPICIOUS_MOVE = YES;
				CLANG_WARN_UNGUARDED_AVAILABILITY = YES_AGGRESSIVE;
				CLANG_WARN_UNREACHABLE_CODE = YES;
				CLANG_WARN__DUPLICATE_METHOD_MATCH = YES;
				CODE_SIGN_IDENTITY = "iPhone Developer";
				COPY_PHASE_STRIP = NO;
				DEBUG_INFORMATION_FORMAT = "dwarf-with-dsym";
				ENABLE_NS_ASSERTIONS = NO;
				ENABLE_STRICT_OBJC_MSGSEND = YES;
				GCC_C_LANGUAGE_STANDARD = gnu11;
				GCC_NO_COMMON_BLOCKS = YES;
				GCC_WARN_64_TO_32_BIT_CONVERSION = YES;
				GCC_WARN_ABOUT_RETURN_TYPE = YES_ERROR;
				GCC_WARN_UNDECLARED_SELECTOR = YES;
				GCC_WARN_UNINITIALIZED_AUTOS = YES_AGGRESSIVE;
				GCC_WARN_UNUSED_FUNCTION = YES;
				GCC_WARN_UNUSED_VARIABLE = YES;
				IPHONEOS_DEPLOYMENT_TARGET = 12.2;
				MTL_ENABLE_DEBUG_INFO = NO;
				MTL_FAST_MATH = YES;
				SDKROOT = iphoneos;
				VALIDATE_PRODUCT = YES;
			};
			name = Release;
		};
		FFF2495E22C534440065CD79 /* Debug */ = {
			isa = XCBuildConfiguration;
			baseConfigurationReference = 06953179098E3B90AB6FD9F8 /* Pods-tumblr.debug.xcconfig */;
			buildSettings = {
				ASSETCATALOG_COMPILER_APPICON_NAME = AppIcon;
				CODE_SIGN_STYLE = Automatic;
				DEVELOPMENT_TEAM = HSX3BRP6J4;
				INFOPLIST_FILE = tumblr/Info.plist;
				LD_RUNPATH_SEARCH_PATHS = (
					"$(inherited)",
					"@executable_path/Frameworks",
				);
				PRODUCT_BUNDLE_IDENTIFIER = com.jpearl.tumblr;
				PRODUCT_NAME = "$(TARGET_NAME)";
				TARGETED_DEVICE_FAMILY = "1,2";
			};
			name = Debug;
		};
		FFF2495F22C534440065CD79 /* Release */ = {
			isa = XCBuildConfiguration;
			baseConfigurationReference = 0916A5E00D1A73982174437D /* Pods-tumblr.release.xcconfig */;
			buildSettings = {
				ASSETCATALOG_COMPILER_APPICON_NAME = AppIcon;
				CODE_SIGN_STYLE = Automatic;
				DEVELOPMENT_TEAM = HSX3BRP6J4;
				INFOPLIST_FILE = tumblr/Info.plist;
				LD_RUNPATH_SEARCH_PATHS = (
					"$(inherited)",
					"@executable_path/Frameworks",
				);
				PRODUCT_BUNDLE_IDENTIFIER = com.jpearl.tumblr;
				PRODUCT_NAME = "$(TARGET_NAME)";
				TARGETED_DEVICE_FAMILY = "1,2";
			};
			name = Release;
		};
		FFF2496122C534440065CD79 /* Debug */ = {
			isa = XCBuildConfiguration;
			baseConfigurationReference = 57D6BE82257B3044ECBCBF6A /* Pods-tumblrTests.debug.xcconfig */;
			buildSettings = {
				BUNDLE_LOADER = "$(TEST_HOST)";
				CODE_SIGN_STYLE = Automatic;
				INFOPLIST_FILE = tumblrTests/Info.plist;
				LD_RUNPATH_SEARCH_PATHS = (
					"$(inherited)",
					"@executable_path/Frameworks",
					"@loader_path/Frameworks",
				);
				PRODUCT_BUNDLE_IDENTIFIER = com.jpearl.tumblrTests;
				PRODUCT_NAME = "$(TARGET_NAME)";
				TARGETED_DEVICE_FAMILY = "1,2";
				TEST_HOST = "$(BUILT_PRODUCTS_DIR)/tumblr.app/tumblr";
			};
			name = Debug;
		};
		FFF2496222C534440065CD79 /* Release */ = {
			isa = XCBuildConfiguration;
			baseConfigurationReference = 3D014414AF09A231CB06ADAC /* Pods-tumblrTests.release.xcconfig */;
			buildSettings = {
				BUNDLE_LOADER = "$(TEST_HOST)";
				CODE_SIGN_STYLE = Automatic;
				INFOPLIST_FILE = tumblrTests/Info.plist;
				LD_RUNPATH_SEARCH_PATHS = (
					"$(inherited)",
					"@executable_path/Frameworks",
					"@loader_path/Frameworks",
				);
				PRODUCT_BUNDLE_IDENTIFIER = com.jpearl.tumblrTests;
				PRODUCT_NAME = "$(TARGET_NAME)";
				TARGETED_DEVICE_FAMILY = "1,2";
				TEST_HOST = "$(BUILT_PRODUCTS_DIR)/tumblr.app/tumblr";
			};
			name = Release;
		};
		FFF2496422C534440065CD79 /* Debug */ = {
			isa = XCBuildConfiguration;
			baseConfigurationReference = ED3260FC950B49F1C7AABE46 /* Pods-tumblrUITests.debug.xcconfig */;
			buildSettings = {
				CODE_SIGN_STYLE = Automatic;
				INFOPLIST_FILE = tumblrUITests/Info.plist;
				LD_RUNPATH_SEARCH_PATHS = (
					"$(inherited)",
					"@executable_path/Frameworks",
					"@loader_path/Frameworks",
				);
				PRODUCT_BUNDLE_IDENTIFIER = com.jpearl.tumblrUITests;
				PRODUCT_NAME = "$(TARGET_NAME)";
				TARGETED_DEVICE_FAMILY = "1,2";
				TEST_TARGET_NAME = tumblr;
			};
			name = Debug;
		};
		FFF2496522C534440065CD79 /* Release */ = {
			isa = XCBuildConfiguration;
			baseConfigurationReference = 074ED22EF16F6ADD99CC9AA5 /* Pods-tumblrUITests.release.xcconfig */;
			buildSettings = {
				CODE_SIGN_STYLE = Automatic;
				INFOPLIST_FILE = tumblrUITests/Info.plist;
				LD_RUNPATH_SEARCH_PATHS = (
					"$(inherited)",
					"@executable_path/Frameworks",
					"@loader_path/Frameworks",
				);
				PRODUCT_BUNDLE_IDENTIFIER = com.jpearl.tumblrUITests;
				PRODUCT_NAME = "$(TARGET_NAME)";
				TARGETED_DEVICE_FAMILY = "1,2";
				TEST_TARGET_NAME = tumblr;
			};
			name = Release;
		};
/* End XCBuildConfiguration section */

/* Begin XCConfigurationList section */
		FFF2492C22C534440065CD79 /* Build configuration list for PBXProject "tumblr" */ = {
			isa = XCConfigurationList;
			buildConfigurations = (
				FFF2495B22C534440065CD79 /* Debug */,
				FFF2495C22C534440065CD79 /* Release */,
			);
			defaultConfigurationIsVisible = 0;
			defaultConfigurationName = Release;
		};
		FFF2495D22C534440065CD79 /* Build configuration list for PBXNativeTarget "tumblr" */ = {
			isa = XCConfigurationList;
			buildConfigurations = (
				FFF2495E22C534440065CD79 /* Debug */,
				FFF2495F22C534440065CD79 /* Release */,
			);
			defaultConfigurationIsVisible = 0;
			defaultConfigurationName = Release;
		};
		FFF2496022C534440065CD79 /* Build configuration list for PBXNativeTarget "tumblrTests" */ = {
			isa = XCConfigurationList;
			buildConfigurations = (
				FFF2496122C534440065CD79 /* Debug */,
				FFF2496222C534440065CD79 /* Release */,
			);
			defaultConfigurationIsVisible = 0;
			defaultConfigurationName = Release;
		};
		FFF2496322C534440065CD79 /* Build configuration list for PBXNativeTarget "tumblrUITests" */ = {
			isa = XCConfigurationList;
			buildConfigurations = (
				FFF2496422C534440065CD79 /* Debug */,
				FFF2496522C534440065CD79 /* Release */,
			);
			defaultConfigurationIsVisible = 0;
			defaultConfigurationName = Release;
		};
/* End XCConfigurationList section */
	};
	rootObject = FFF2492922C534440065CD79 /* Project object */;
}
